
Microsoft Visual Studio Solution File, Format Version 12.00
# Visual Studio Version 16
VisualStudioVersion = 16.0.29613.14
MinimumVisualStudioVersion = 10.0.40219.1
Project("{FAE04EC0-301F-11D3-BF4B-00C04F79EFBC}") = "BatailleNavaleConsole", "BatailleNavaleConsole.csproj", "{F3A7BD88-1736-46F0-A773-37507653BC36}"
EndProject
Project("{FAE04EC0-301F-11D3-BF4B-00C04F79EFBC}") = "BatailleNavaleGraphique", "..\BatailleNavaleGraphique\BatailleNavaleGraphique.csproj", "{57F633F0-4A2B-4966-8B2F-FED5CFF74E5C}"
EndProject
Global
	GlobalSection(SolutionConfigurationPlatforms) = preSolution
		Debug|Any CPU = Debug|Any CPU
		Release|Any CPU = Release|Any CPU
	EndGlobalSection
	GlobalSection(ProjectConfigurationPlatforms) = postSolution
		{F3A7BD88-1736-46F0-A773-37507653BC36}.Debug|Any CPU.ActiveCfg = Debug|Any CPU
		{F3A7BD88-1736-46F0-A773-37507653BC36}.Debug|Any CPU.Build.0 = Debug|Any CPU
		{F3A7BD88-1736-46F0-A773-37507653BC36}.Release|Any CPU.ActiveCfg = Release|Any CPU
		{F3A7BD88-1736-46F0-A773-37507653BC36}.Release|Any CPU.Build.0 = Release|Any CPU
		{57F633F0-4A2B-4966-8B2F-FED5CFF74E5C}.Debug|Any CPU.ActiveCfg = Debug|Any CPU
		{57F633F0-4A2B-4966-8B2F-FED5CFF74E5C}.Debug|Any CPU.Build.0 = Debug|Any CPU
		{57F633F0-4A2B-4966-8B2F-FED5CFF74E5C}.Release|Any CPU.ActiveCfg = Release|Any CPU
		{57F633F0-4A2B-4966-8B2F-FED5CFF74E5C}.Release|Any CPU.Build.0 = Release|Any CPU
	EndGlobalSection
	GlobalSection(SolutionProperties) = preSolution
		HideSolutionNode = FALSE
	EndGlobalSection
	GlobalSection(ExtensibilityGlobals) = postSolution
		SolutionGuid = {814D5680-0E4E-47D2-84DC-7992F3601029}
	EndGlobalSection
EndGlobal
